# THIS IS AN AUTOGENERATED FILE. DO NOT EDIT THIS FILE DIRECTLY.
# yarn lockfile v1


"@primer/primitives@^7.10.0":
  version "7.10.0"
  resolved "https://registry.yarnpkg.com/@primer/primitives/-/primitives-7.10.0.tgz#de0d9648d484184442583564f02d6600b872fa5f"
  integrity sha512-DdLHq21e93R9qDHyRuRpytBLY0Up9IwNWMOUgPNW6lRSng4N4+IdUlLS3Ekbasmxfs8Z8vKS8aezeYovQ5qsxQ==
